// !$*UTF8*$!
{
	archiveVersion = 1;
	classes = {
	};
	objectVersion = 46;
	objects = {

/* Begin PBXBuildFile section */
		0412ED341CFACBAD0006BF5E /* TermDefTableViewController.swift in Sources */ = {isa = PBXBuildFile; fileRef = 0412ED331CFACBAD0006BF5E /* TermDefTableViewController.swift */; };
		041EC9C01D1FA959009ACC25 /* VerticallyCenteredTextView.swift in Sources */ = {isa = PBXBuildFile; fileRef = 041EC9BF1D1FA959009ACC25 /* VerticallyCenteredTextView.swift */; };
		041EC9C21D1FCE8E009ACC25 /* FlashCardView.swift in Sources */ = {isa = PBXBuildFile; fileRef = 041EC9C11D1FCE8E009ACC25 /* FlashCardView.swift */; };
		042C1DC01CF48A6C00E09446 /* SetListTableViewCell.swift in Sources */ = {isa = PBXBuildFile; fileRef = 042C1DBF1CF48A6C00E09446 /* SetListTableViewCell.swift */; };
		042C1DC41CF48BC900E09446 /* TermDefTableViewCell.swift in Sources */ = {isa = PBXBuildFile; fileRef = 042C1DC31CF48BC900E09446 /* TermDefTableViewCell.swift */; };
		042C1DC61CF48EC900E09446 /* Set.swift in Sources */ = {isa = PBXBuildFile; fileRef = 042C1DC51CF48EC900E09446 /* Set.swift */; };
		042C1DC81CF4906D00E09446 /* Term.swift in Sources */ = {isa = PBXBuildFile; fileRef = 042C1DC71CF4906D00E09446 /* Term.swift */; };
		042C1DCC1CF492F400E09446 /* SetTableViewController.swift in Sources */ = {isa = PBXBuildFile; fileRef = 042C1DCB1CF492F400E09446 /* SetTableViewController.swift */; };
		043CB0DE1D1CFEA200409AF3 /* StudyTableViewController.swift in Sources */ = {isa = PBXBuildFile; fileRef = 043CB0DD1D1CFEA200409AF3 /* StudyTableViewController.swift */; };
		043CB0E01D1CFF2800409AF3 /* StudyTableViewCell.swift in Sources */ = {isa = PBXBuildFile; fileRef = 043CB0DF1D1CFF2800409AF3 /* StudyTableViewCell.swift */; };
		04584D531CDF637200DBB538 /* AppDelegate.swift in Sources */ = {isa = PBXBuildFile; fileRef = 04584D521CDF637200DBB538 /* AppDelegate.swift */; };
		04584D551CDF637200DBB538 /* ViewController.swift in Sources */ = {isa = PBXBuildFile; fileRef = 04584D541CDF637200DBB538 /* ViewController.swift */; };
		04584D581CDF637200DBB538 /* Main.storyboard in Resources */ = {isa = PBXBuildFile; fileRef = 04584D561CDF637200DBB538 /* Main.storyboard */; settings = {ASSET_TAGS = (scrollView, ); }; };
		04584D5A1CDF637200DBB538 /* Assets.xcassets in Resources */ = {isa = PBXBuildFile; fileRef = 04584D591CDF637200DBB538 /* Assets.xcassets */; };
		04584D5D1CDF637200DBB538 /* LaunchScreen.storyboard in Resources */ = {isa = PBXBuildFile; fileRef = 04584D5B1CDF637200DBB538 /* LaunchScreen.storyboard */; };
		04584D681CDF637300DBB538 /* Baito_SwiftTests.swift in Sources */ = {isa = PBXBuildFile; fileRef = 04584D671CDF637300DBB538 /* Baito_SwiftTests.swift */; };
		04584D731CDF637300DBB538 /* Baito_SwiftUITests.swift in Sources */ = {isa = PBXBuildFile; fileRef = 04584D721CDF637300DBB538 /* Baito_SwiftUITests.swift */; };
/* End PBXBuildFile section */

/* Begin PBXContainerItemProxy section */
		04584D641CDF637300DBB538 /* PBXContainerItemProxy */ = {
			isa = PBXContainerItemProxy;
			containerPortal = 04584D471CDF637200DBB538 /* Project object */;
			proxyType = 1;
			remoteGlobalIDString = 04584D4E1CDF637200DBB538;
			remoteInfo = Baito_Swift;
		};
		04584D6F1CDF637300DBB538 /* PBXContainerItemProxy */ = {
			isa = PBXContainerItemProxy;
			containerPortal = 04584D471CDF637200DBB538 /* Project object */;
			proxyType = 1;
			remoteGlobalIDString = 04584D4E1CDF637200DBB538;
			remoteInfo = Baito_Swift;
		};
/* End PBXContainerItemProxy section */

/* Begin PBXFileReference section */
		0412ED331CFACBAD0006BF5E /* TermDefTableViewController.swift */ = {isa = PBXFileReference; fileEncoding = 4; lastKnownFileType = sourcecode.swift; path = TermDefTableViewController.swift; sourceTree = "<group>"; };
		041EC9BF1D1FA959009ACC25 /* VerticallyCenteredTextView.swift */ = {isa = PBXFileReference; fileEncoding = 4; lastKnownFileType = sourcecode.swift; path = VerticallyCenteredTextView.swift; sourceTree = "<group>"; };
		041EC9C11D1FCE8E009ACC25 /* FlashCardView.swift */ = {isa = PBXFileReference; fileEncoding = 4; lastKnownFileType = sourcecode.swift; path = FlashCardView.swift; sourceTree = "<group>"; };
		042C1DBF1CF48A6C00E09446 /* SetListTableViewCell.swift */ = {isa = PBXFileReference; fileEncoding = 4; lastKnownFileType = sourcecode.swift; name = SetListTableViewCell.swift; path = ../SetListTableViewCell.swift; sourceTree = "<group>"; };
		042C1DC31CF48BC900E09446 /* TermDefTableViewCell.swift */ = {isa = PBXFileReference; fileEncoding = 4; lastKnownFileType = sourcecode.swift; name = TermDefTableViewCell.swift; path = ../TermDefTableViewCell.swift; sourceTree = "<group>"; };
		042C1DC51CF48EC900E09446 /* Set.swift */ = {isa = PBXFileReference; fileEncoding = 4; lastKnownFileType = sourcecode.swift; path = Set.swift; sourceTree = "<group>"; };
		042C1DC71CF4906D00E09446 /* Term.swift */ = {isa = PBXFileReference; fileEncoding = 4; lastKnownFileType = sourcecode.swift; path = Term.swift; sourceTree = "<group>"; };
		042C1DCB1CF492F400E09446 /* SetTableViewController.swift */ = {isa = PBXFileReference; fileEncoding = 4; lastKnownFileType = sourcecode.swift; name = SetTableViewController.swift; path = ../SetTableViewController.swift; sourceTree = "<group>"; };
		043CB0DD1D1CFEA200409AF3 /* StudyTableViewController.swift */ = {isa = PBXFileReference; fileEncoding = 4; lastKnownFileType = sourcecode.swift; path = StudyTableViewController.swift; sourceTree = "<group>"; };
		043CB0DF1D1CFF2800409AF3 /* StudyTableViewCell.swift */ = {isa = PBXFileReference; fileEncoding = 4; lastKnownFileType = sourcecode.swift; path = StudyTableViewCell.swift; sourceTree = "<group>"; };
		04584D4F1CDF637200DBB538 /* Baito_Swift.app */ = {isa = PBXFileReference; explicitFileType = wrapper.application; includeInIndex = 0; path = Baito_Swift.app; sourceTree = BUILT_PRODUCTS_DIR; };
		04584D521CDF637200DBB538 /* AppDelegate.swift */ = {isa = PBXFileReference; lastKnownFileType = sourcecode.swift; path = AppDelegate.swift; sourceTree = "<group>"; };
		04584D541CDF637200DBB538 /* ViewController.swift */ = {isa = PBXFileReference; lastKnownFileType = sourcecode.swift; path = ViewController.swift; sourceTree = "<group>"; };
		04584D571CDF637200DBB538 /* Base */ = {isa = PBXFileReference; lastKnownFileType = file.storyboard; name = Base; path = Base.lproj/Main.storyboard; sourceTree = "<group>"; };
		04584D591CDF637200DBB538 /* Assets.xcassets */ = {isa = PBXFileReference; lastKnownFileType = folder.assetcatalog; path = Assets.xcassets; sourceTree = "<group>"; };
		04584D5C1CDF637200DBB538 /* Base */ = {isa = PBXFileReference; lastKnownFileType = file.storyboard; name = Base; path = Base.lproj/LaunchScreen.storyboard; sourceTree = "<group>"; };
		04584D5E1CDF637200DBB538 /* Info.plist */ = {isa = PBXFileReference; lastKnownFileType = text.plist.xml; path = Info.plist; sourceTree = "<group>"; };
		04584D631CDF637300DBB538 /* Baito_SwiftTests.xctest */ = {isa = PBXFileReference; explicitFileType = wrapper.cfbundle; includeInIndex = 0; path = Baito_SwiftTests.xctest; sourceTree = BUILT_PRODUCTS_DIR; };
		04584D671CDF637300DBB538 /* Baito_SwiftTests.swift */ = {isa = PBXFileReference; lastKnownFileType = sourcecode.swift; path = Baito_SwiftTests.swift; sourceTree = "<group>"; };
		04584D691CDF637300DBB538 /* Info.plist */ = {isa = PBXFileReference; lastKnownFileType = text.plist.xml; path = Info.plist; sourceTree = "<group>"; };
		04584D6E1CDF637300DBB538 /* Baito_SwiftUITests.xctest */ = {isa = PBXFileReference; explicitFileType = wrapper.cfbundle; includeInIndex = 0; path = Baito_SwiftUITests.xctest; sourceTree = BUILT_PRODUCTS_DIR; };
		04584D721CDF637300DBB538 /* Baito_SwiftUITests.swift */ = {isa = PBXFileReference; lastKnownFileType = sourcecode.swift; path = Baito_SwiftUITests.swift; sourceTree = "<group>"; };
		04584D741CDF637300DBB538 /* Info.plist */ = {isa = PBXFileReference; lastKnownFileType = text.plist.xml; path = Info.plist; sourceTree = "<group>"; };
/* End PBXFileReference section */

/* Begin PBXFrameworksBuildPhase section */
		04584D4C1CDF637200DBB538 /* Frameworks */ = {
			isa = PBXFrameworksBuildPhase;
			buildActionMask = 2147483647;
			files = (
			);
			runOnlyForDeploymentPostprocessing = 0;
		};
		04584D601CDF637300DBB538 /* Frameworks */ = {
			isa = PBXFrameworksBuildPhase;
			buildActionMask = 2147483647;
			files = (
			);
			runOnlyForDeploymentPostprocessing = 0;
		};
		04584D6B1CDF637300DBB538 /* Frameworks */ = {
			isa = PBXFrameworksBuildPhase;
			buildActionMask = 2147483647;
			files = (
			);
			runOnlyForDeploymentPostprocessing = 0;
		};
/* End PBXFrameworksBuildPhase section */

/* Begin PBXGroup section */
		04584D461CDF637200DBB538 = {
			isa = PBXGroup;
			children = (
				04584D511CDF637200DBB538 /* Baito_Swift */,
				04584D661CDF637300DBB538 /* Baito_SwiftTests */,
				04584D711CDF637300DBB538 /* Baito_SwiftUITests */,
				04584D501CDF637200DBB538 /* Products */,
			);
			sourceTree = "<group>";
		};
		04584D501CDF637200DBB538 /* Products */ = {
			isa = PBXGroup;
			children = (
				04584D4F1CDF637200DBB538 /* Baito_Swift.app */,
				04584D631CDF637300DBB538 /* Baito_SwiftTests.xctest */,
				04584D6E1CDF637300DBB538 /* Baito_SwiftUITests.xctest */,
			);
			name = Products;
			sourceTree = "<group>";
		};
		04584D511CDF637200DBB538 /* Baito_Swift */ = {
			isa = PBXGroup;
			children = (
				042C1DCB1CF492F400E09446 /* SetTableViewController.swift */,
				042C1DBF1CF48A6C00E09446 /* SetListTableViewCell.swift */,
				0412ED331CFACBAD0006BF5E /* TermDefTableViewController.swift */,
				042C1DC31CF48BC900E09446 /* TermDefTableViewCell.swift */,
				043CB0DD1D1CFEA200409AF3 /* StudyTableViewController.swift */,
				043CB0DF1D1CFF2800409AF3 /* StudyTableViewCell.swift */,
				04584D561CDF637200DBB538 /* Main.storyboard */,
				041EC9BF1D1FA959009ACC25 /* VerticallyCenteredTextView.swift */,
				041EC9C11D1FCE8E009ACC25 /* FlashCardView.swift */,
				042C1DC51CF48EC900E09446 /* Set.swift */,
				042C1DC71CF4906D00E09446 /* Term.swift */,
				04584D521CDF637200DBB538 /* AppDelegate.swift */,
				04584D541CDF637200DBB538 /* ViewController.swift */,
				04584D591CDF637200DBB538 /* Assets.xcassets */,
				04584D5B1CDF637200DBB538 /* LaunchScreen.storyboard */,
				04584D5E1CDF637200DBB538 /* Info.plist */,
			);
			path = Baito_Swift;
			sourceTree = "<group>";
		};
		04584D661CDF637300DBB538 /* Baito_SwiftTests */ = {
			isa = PBXGroup;
			children = (
				04584D671CDF637300DBB538 /* Baito_SwiftTests.swift */,
				04584D691CDF637300DBB538 /* Info.plist */,
			);
			path = Baito_SwiftTests;
			sourceTree = "<group>";
		};
		04584D711CDF637300DBB538 /* Baito_SwiftUITests */ = {
			isa = PBXGroup;
			children = (
				04584D721CDF637300DBB538 /* Baito_SwiftUITests.swift */,
				04584D741CDF637300DBB538 /* Info.plist */,
			);
			path = Baito_SwiftUITests;
			sourceTree = "<group>";
		};
/* End PBXGroup section */

/* Begin PBXNativeTarget section */
		04584D4E1CDF637200DBB538 /* Baito_Swift */ = {
			isa = PBXNativeTarget;
			buildConfigurationList = 04584D771CDF637300DBB538 /* Build configuration list for PBXNativeTarget "Baito_Swift" */;
			buildPhases = (
				04584D4B1CDF637200DBB538 /* Sources */,
				04584D4C1CDF637200DBB538 /* Frameworks */,
				04584D4D1CDF637200DBB538 /* Resources */,
			);
			buildRules = (
			);
			dependencies = (
			);
			name = Baito_Swift;
			productName = Baito_Swift;
			productReference = 04584D4F1CDF637200DBB538 /* Baito_Swift.app */;
			productType = "com.apple.product-type.application";
		};
		04584D621CDF637300DBB538 /* Baito_SwiftTests */ = {
			isa = PBXNativeTarget;
			buildConfigurationList = 04584D7A1CDF637300DBB538 /* Build configuration list for PBXNativeTarget "Baito_SwiftTests" */;
			buildPhases = (
				04584D5F1CDF637300DBB538 /* Sources */,
				04584D601CDF637300DBB538 /* Frameworks */,
				04584D611CDF637300DBB538 /* Resources */,
			);
			buildRules = (
			);
			dependencies = (
				04584D651CDF637300DBB538 /* PBXTargetDependency */,
			);
			name = Baito_SwiftTests;
			productName = Baito_SwiftTests;
			productReference = 04584D631CDF637300DBB538 /* Baito_SwiftTests.xctest */;
			productType = "com.apple.product-type.bundle.unit-test";
		};
		04584D6D1CDF637300DBB538 /* Baito_SwiftUITests */ = {
			isa = PBXNativeTarget;
			buildConfigurationList = 04584D7D1CDF637300DBB538 /* Build configuration list for PBXNativeTarget "Baito_SwiftUITests" */;
			buildPhases = (
				04584D6A1CDF637300DBB538 /* Sources */,
				04584D6B1CDF637300DBB538 /* Frameworks */,
				04584D6C1CDF637300DBB538 /* Resources */,
			);
			buildRules = (
			);
			dependencies = (
				04584D701CDF637300DBB538 /* PBXTargetDependency */,
			);
			name = Baito_SwiftUITests;
			productName = Baito_SwiftUITests;
			productReference = 04584D6E1CDF637300DBB538 /* Baito_SwiftUITests.xctest */;
			productType = "com.apple.product-type.bundle.ui-testing";
		};
/* End PBXNativeTarget section */

/* Begin PBXProject section */
		04584D471CDF637200DBB538 /* Project object */ = {
			isa = PBXProject;
			attributes = {
				KnownAssetTags = (
					scrollView,
				);
				LastSwiftUpdateCheck = 0720;
				LastUpgradeCheck = 0720;
				ORGANIZATIONNAME = "Robert Lyons";
				TargetAttributes = {
					04584D4E1CDF637200DBB538 = {
						CreatedOnToolsVersion = 7.2.1;
						DevelopmentTeam = C5ZJ8W722H;
					};
					04584D621CDF637300DBB538 = {
						CreatedOnToolsVersion = 7.2.1;
						TestTargetID = 04584D4E1CDF637200DBB538;
					};
					04584D6D1CDF637300DBB538 = {
						CreatedOnToolsVersion = 7.2.1;
						TestTargetID = 04584D4E1CDF637200DBB538;
					};
				};
			};
			buildConfigurationList = 04584D4A1CDF637200DBB538 /* Build configuration list for PBXProject "Baito_Swift" */;
			compatibilityVersion = "Xcode 3.2";
			developmentRegion = English;
			hasScannedForEncodings = 0;
			knownRegions = (
				en,
				Base,
			);
			mainGroup = 04584D461CDF637200DBB538;
			productRefGroup = 04584D501CDF637200DBB538 /* Products */;
			projectDirPath = "";
			projectRoot = "";
			targets = (
				04584D4E1CDF637200DBB538 /* Baito_Swift */,
				04584D621CDF637300DBB538 /* Baito_SwiftTests */,
				04584D6D1CDF637300DBB538 /* Baito_SwiftUITests */,
			);
		};
/* End PBXProject section */

/* Begin PBXResourcesBuildPhase section */
		04584D4D1CDF637200DBB538 /* Resources */ = {
			isa = PBXResourcesBuildPhase;
			buildActionMask = 2147483647;
			files = (
				04584D5D1CDF637200DBB538 /* LaunchScreen.storyboard in Resources */,
				04584D5A1CDF637200DBB538 /* Assets.xcassets in Resources */,
				04584D581CDF637200DBB538 /* Main.storyboard in Resources */,
			);
			runOnlyForDeploymentPostprocessing = 0;
		};
		04584D611CDF637300DBB538 /* Resources */ = {
			isa = PBXResourcesBuildPhase;
			buildActionMask = 2147483647;
			files = (
			);
			runOnlyForDeploymentPostprocessing = 0;
		};
		04584D6C1CDF637300DBB538 /* Resources */ = {
			isa = PBXResourcesBuildPhase;
			buildActionMask = 2147483647;
			files = (
			);
			runOnlyForDeploymentPostprocessing = 0;
		};
/* End PBXResourcesBuildPhase section */

/* Begin PBXSourcesBuildPhase section */
		04584D4B1CDF637200DBB538 /* Sources */ = {
			isa = PBXSourcesBuildPhase;
			buildActionMask = 2147483647;
			files = (
				041EC9C01D1FA959009ACC25 /* VerticallyCenteredTextView.swift in Sources */,
				042C1DC61CF48EC900E09446 /* Set.swift in Sources */,
				042C1DC01CF48A6C00E09446 /* SetListTableViewCell.swift in Sources */,
				0412ED341CFACBAD0006BF5E /* TermDefTableViewController.swift in Sources */,
				04584D551CDF637200DBB538 /* ViewController.swift in Sources */,
				042C1DCC1CF492F400E09446 /* SetTableViewController.swift in Sources */,
				043CB0E01D1CFF2800409AF3 /* StudyTableViewCell.swift in Sources */,
				04584D531CDF637200DBB538 /* AppDelegate.swift in Sources */,
				042C1DC41CF48BC900E09446 /* TermDefTableViewCell.swift in Sources */,
				043CB0DE1D1CFEA200409AF3 /* StudyTableViewController.swift in Sources */,
				042C1DC81CF4906D00E09446 /* Term.swift in Sources */,
				041EC9C21D1FCE8E009ACC25 /* FlashCardView.swift in Sources */,
			);
			runOnlyForDeploymentPostprocessing = 0;
		};
		04584D5F1CDF637300DBB538 /* Sources */ = {
			isa = PBXSourcesBuildPhase;
			buildActionMask = 2147483647;
			files = (
				04584D681CDF637300DBB538 /* Baito_SwiftTests.swift in Sources */,
			);
			runOnlyForDeploymentPostprocessing = 0;
		};
		04584D6A1CDF637300DBB538 /* Sources */ = {
			isa = PBXSourcesBuildPhase;
			buildActionMask = 2147483647;
			files = (
				04584D731CDF637300DBB538 /* Baito_SwiftUITests.swift in Sources */,
			);
			runOnlyForDeploymentPostprocessing = 0;
		};
/* End PBXSourcesBuildPhase section */

/* Begin PBXTargetDependency section */
		04584D651CDF637300DBB538 /* PBXTargetDependency */ = {
			isa = PBXTargetDependency;
			target = 04584D4E1CDF637200DBB538 /* Baito_Swift */;
			targetProxy = 04584D641CDF637300DBB538 /* PBXContainerItemProxy */;
		};
		04584D701CDF637300DBB538 /* PBXTargetDependency */ = {
			isa = PBXTargetDependency;
			target = 04584D4E1CDF637200DBB538 /* Baito_Swift */;
			targetProxy = 04584D6F1CDF637300DBB538 /* PBXContainerItemProxy */;
		};
/* End PBXTargetDependency section */

/* Begin PBXVariantGroup section */
		04584D561CDF637200DBB538 /* Main.storyboard */ = {
			isa = PBXVariantGroup;
			children = (
				04584D571CDF637200DBB538 /* Base */,
			);
			name = Main.storyboard;
			sourceTree = "<group>";
		};
		04584D5B1CDF637200DBB538 /* LaunchScreen.storyboard */ = {
			isa = PBXVariantGroup;
			children = (
				04584D5C1CDF637200DBB538 /* Base */,
			);
			name = LaunchScreen.storyboard;
			sourceTree = "<group>";
		};
/* End PBXVariantGroup section */

/* Begin XCBuildConfiguration section */
		04584D751CDF637300DBB538 /* Debug */ = {
			isa = XCBuildConfiguration;
			buildSettings = {
				ALWAYS_SEARCH_USER_PATHS = NO;
				CLANG_CXX_LANGUAGE_STANDARD = "gnu++0x";
				CLANG_CXX_LIBRARY = "libc++";
				CLANG_ENABLE_MODULES = YES;
				CLANG_ENABLE_OBJC_ARC = YES;
				CLANG_WARN_BOOL_CONVERSION = YES;
				CLANG_WARN_CONSTANT_CONVERSION = YES;
				CLANG_WARN_DIRECT_OBJC_ISA_USAGE = YES_ERROR;
				CLANG_WARN_EMPTY_BODY = YES;
				CLANG_WARN_ENUM_CONVERSION = YES;
				CLANG_WARN_INT_CONVERSION = YES;
				CLANG_WARN_OBJC_ROOT_CLASS = YES_ERROR;
				CLANG_WARN_UNREACHABLE_CODE = YES;
				CLANG_WARN__DUPLICATE_METHOD_MATCH = YES;
				"CODE_SIGN_IDENTITY[sdk=iphoneos*]" = "iPhone Developer";
				COPY_PHASE_STRIP = NO;
				DEBUG_INFORMATION_FORMAT = dwarf;
				ENABLE_STRICT_OBJC_MSGSEND = YES;
				ENABLE_TESTABILITY = YES;
				GCC_C_LANGUAGE_STANDARD = gnu99;
				GCC_DYNAMIC_NO_PIC = NO;
				GCC_NO_COMMON_BLOCKS = YES;
				GCC_OPTIMIZATION_LEVEL = 0;
				GCC_PREPROCESSOR_DEFINITIONS = (
					"DEBUG=1",
					"$(inherited)",
				);
				GCC_WARN_64_TO_32_BIT_CONVERSION = YES;
				GCC_WARN_ABOUT_RETURN_TYPE = YES_ERROR;
				GCC_WARN_UNDECLARED_SELECTOR = YES;
				GCC_WARN_UNINITIALIZED_AUTOS = YES_AGGRESSIVE;
				GCC_WARN_UNUSED_FUNCTION = YES;
				GCC_WARN_UNUSED_VARIABLE = YES;
				IPHONEOS_DEPLOYMENT_TARGET = 9.2;
				MTL_ENABLE_DEBUG_INFO = YES;
				ONLY_ACTIVE_ARCH = YES;
				SDKROOT = iphoneos;
				SWIFT_OPTIMIZATION_LEVEL = "-Onone";
				TARGETED_DEVICE_FAMILY = "1,2";
			};
			name = Debug;
		};
		04584D761CDF637300DBB538 /* Release */ = {
			isa = XCBuildConfiguration;
			buildSettings = {
				ALWAYS_SEARCH_USER_PATHS = NO;
				CLANG_CXX_LANGUAGE_STANDARD = "gnu++0x";
				CLANG_CXX_LIBRARY = "libc++";
				CLANG_ENABLE_MODULES = YES;
				CLANG_ENABLE_OBJC_ARC = YES;
				CLANG_WARN_BOOL_CONVERSION = YES;
				CLANG_WARN_CONSTANT_CONVERSION = YES;
				CLANG_WARN_DIRECT_OBJC_ISA_USAGE = YES_ERROR;
				CLANG_WARN_EMPTY_BODY = YES;
				CLANG_WARN_ENUM_CONVERSION = YES;
				CLANG_WARN_INT_CONVERSION = YES;
				CLANG_WARN_OBJC_ROOT_CLASS = YES_ERROR;
				CLANG_WARN_UNREACHABLE_CODE = YES;
				CLANG_WARN__DUPLICATE_METHOD_MATCH = YES;
				"CODE_SIGN_IDENTITY[sdk=iphoneos*]" = "iPhone Developer";
				COPY_PHASE_STRIP = NO;
				DEBUG_INFORMATION_FORMAT = "dwarf-with-dsym";
				ENABLE_NS_ASSERTIONS = NO;
				ENABLE_STRICT_OBJC_MSGSEND = YES;
				GCC_C_LANGUAGE_STANDARD = gnu99;
				GCC_NO_COMMON_BLOCKS = YES;
				GCC_WARN_64_TO_32_BIT_CONVERSION = YES;
				GCC_WARN_ABOUT_RETURN_TYPE = YES_ERROR;
				GCC_WARN_UNDECLARED_SELECTOR = YES;
				GCC_WARN_UNINITIALIZED_AUTOS = YES_AGGRESSIVE;
				GCC_WARN_UNUSED_FUNCTION = YES;
				GCC_WARN_UNUSED_VARIABLE = YES;
				IPHONEOS_DEPLOYMENT_TARGET = 9.2;
				MTL_ENABLE_DEBUG_INFO = NO;
				SDKROOT = iphoneos;
				TARGETED_DEVICE_FAMILY = "1,2";
				VALIDATE_PRODUCT = YES;
			};
			name = Release;
		};
		04584D781CDF637300DBB538 /* Debug */ = {
			isa = XCBuildConfiguration;
			buildSettings = {
				ASSETCATALOG_COMPILER_APPICON_NAME = AppIcon;
				CODE_SIGN_IDENTITY = "iPhone Developer";
				"CODE_SIGN_IDENTITY[sdk=iphoneos*]" = "iPhone Developer";
				INFOPLIST_FILE = Baito_Swift/Info.plist;
				LD_RUNPATH_SEARCH_PATHS = "$(inherited) @executable_path/Frameworks";
				PRODUCT_BUNDLE_IDENTIFIER = "RLProjects.Baito-Swift";
				PRODUCT_NAME = "$(TARGET_NAME)";
				PROVISIONING_PROFILE = "";
			};
			name = Debug;
		};
		04584D791CDF637300DBB538 /* Release */ = {
			isa = XCBuildConfiguration;
			buildSettings = {
				ASSETCATALOG_COMPILER_APPICON_NAME = AppIcon;
				CODE_SIGN_IDENTITY = "iPhone Developer";
				"CODE_SIGN_IDENTITY[sdk=iphoneos*]" = "iPhone Developer";
				INFOPLIST_FILE = Baito_Swift/Info.plist;
				LD_RUNPATH_SEARCH_PATHS = "$(inherited) @executable_path/Frameworks";
				PRODUCT_BUNDLE_IDENTIFIER = "RLProjects.Baito-Swift";
				PRODUCT_NAME = "$(TARGET_NAME)";
				PROVISIONING_PROFILE = "";
			};
			name = Release;
		};
		04584D7B1CDF637300DBB538 /* Debug */ = {
			isa = XCBuildConfiguration;
			buildSettings = {
				BUNDLE_LOADER = "$(TEST_HOST)";
				INFOPLIST_FILE = Baito_SwiftTests/Info.plist;
				LD_RUNPATH_SEARCH_PATHS = "$(inherited) @executable_path/Frameworks @loader_path/Frameworks";
				PRODUCT_BUNDLE_IDENTIFIER = "RLProjects.Baito-SwiftTests";
				PRODUCT_NAME = "$(TARGET_NAME)";
				TEST_HOST = "$(BUILT_PRODUCTS_DIR)/Baito_Swift.app/Baito_Swift";
			};
			name = Debug;
		};
		04584D7C1CDF637300DBB538 /* Release */ = {
			isa = XCBuildConfiguration;
			buildSettings = {
				BUNDLE_LOADER = "$(TEST_HOST)";
				INFOPLIST_FILE = Baito_SwiftTests/Info.plist;
				LD_RUNPATH_SEARCH_PATHS = "$(inherited) @executable_path/Frameworks @loader_path/Frameworks";
				PRODUCT_BUNDLE_IDENTIFIER = "RLProjects.Baito-SwiftTests";
				PRODUCT_NAME = "$(TARGET_NAME)";
				TEST_HOST = "$(BUILT_PRODUCTS_DIR)/Baito_Swift.app/Baito_Swift";
			};
			name = Release;
		};
		04584D7E1CDF637300DBB538 /* Debug */ = {
			isa = XCBuildConfiguration;
			buildSettings = {
				INFOPLIST_FILE = Baito_SwiftUITests/Info.plist;
				LD_RUNPATH_SEARCH_PATHS = "$(inherited) @executable_path/Frameworks @loader_path/Frameworks";
				PRODUCT_BUNDLE_IDENTIFIER = "RLProjects.Baito-SwiftUITests";
				PRODUCT_NAME = "$(TARGET_NAME)";
				TEST_TARGET_NAME = Baito_Swift;
				USES_XCTRUNNER = YES;
			};
			name = Debug;
		};
		04584D7F1CDF637300DBB538 /* Release */ = {
			isa = XCBuildConfiguration;
			buildSettings = {
				INFOPLIST_FILE = Baito_SwiftUITests/Info.plist;
				LD_RUNPATH_SEARCH_PATHS = "$(inherited) @executable_path/Frameworks @loader_path/Frameworks";
				PRODUCT_BUNDLE_IDENTIFIER = "RLProjects.Baito-SwiftUITests";
				PRODUCT_NAME = "$(TARGET_NAME)";
				TEST_TARGET_NAME = Baito_Swift;
				USES_XCTRUNNER = YES;
			};
			name = Release;
		};
/* End XCBuildConfiguration section */

/* Begin XCConfigurationList section */
		04584D4A1CDF637200DBB538 /* Build configuration list for PBXProject "Baito_Swift" */ = {
			isa = XCConfigurationList;
			buildConfigurations = (
				04584D751CDF637300DBB538 /* Debug */,
				04584D761CDF637300DBB538 /* Release */,
			);
			defaultConfigurationIsVisible = 0;
			defaultConfigurationName = Release;
		};
		04584D771CDF637300DBB538 /* Build configuration list for PBXNativeTarget "Baito_Swift" */ = {
			isa = XCConfigurationList;
			buildConfigurations = (
				04584D781CDF637300DBB538 /* Debug */,
				04584D791CDF637300DBB538 /* Release */,
			);
			defaultConfigurationIsVisible = 0;
			defaultConfigurationName = Release;
		};
		04584D7A1CDF637300DBB538 /* Build configuration list for PBXNativeTarget "Baito_SwiftTests" */ = {
			isa = XCConfigurationList;
			buildConfigurations = (
				04584D7B1CDF637300DBB538 /* Debug */,
				04584D7C1CDF637300DBB538 /* Release */,
			);
			defaultConfigurationIsVisible = 0;
			defaultConfigurationName = Release;
		};
		04584D7D1CDF637300DBB538 /* Build configuration list for PBXNativeTarget "Baito_SwiftUITests" */ = {
			isa = XCConfigurationList;
			buildConfigurations = (
				04584D7E1CDF637300DBB538 /* Debug */,
				04584D7F1CDF637300DBB538 /* Release */,
			);
			defaultConfigurationIsVisible = 0;
			defaultConfigurationName = Release;
		};
/* End XCConfigurationList section */
	};
	rootObject = 04584D471CDF637200DBB538 /* Project object */;
}
